
Microsoft Visual Studio Solution File, Format Version 12.00
# Visual Studio Version 16
VisualStudioVersion = 16.0.30204.135
MinimumVisualStudioVersion = 10.0.40219.1
Project("{FAE04EC0-301F-11D3-BF4B-00C04F79EFBC}") = "OAuthClientCredentialsSampleNet472", "OAuthClientCredentialsSampleNet472\OAuthClientCredentialsSampleNet472.csproj", "{B36BD544-5695-44DB-AECB-2A519836E2D3}"
EndProject
Global
	GlobalSection(SolutionConfigurationPlatforms) = preSolution
		Debug|Any CPU = Debug|Any CPU
		Release|Any CPU = Release|Any CPU
	EndGlobalSection
	GlobalSection(ProjectConfigurationPlatforms) = postSolution
		{B36BD544-5695-44DB-AECB-2A519836E2D3}.Debug|Any CPU.ActiveCfg = Debug|Any CPU
		{B36BD544-5695-44DB-AECB-2A519836E2D3}.Debug|Any CPU.Build.0 = Debug|Any CPU
		{B36BD544-5695-44DB-AECB-2A519836E2D3}.Release|Any CPU.ActiveCfg = Release|Any CPU
		{B36BD544-5695-44DB-AECB-2A519836E2D3}.Release|Any CPU.Build.0 = Release|Any CPU
	EndGlobalSection
	GlobalSection(SolutionProperties) = preSolution
		HideSolutionNode = FALSE
	EndGlobalSection
	GlobalSection(ExtensibilityGlobals) = postSolution
		SolutionGuid = {A27D2987-66FB-4B9E-8D38-EB6367E1F263}
	EndGlobalSection
EndGlobal
